// !$*UTF8*$!
{
	archiveVersion = 1;
	classes = {
	};
	objectVersion = 77;
	objects = {

/* Begin PBXBuildFile section */
		000000000000000000000101 /* KnittingGaugeReconcilerApp.swift in Sources */ = {isa = PBXBuildFile; fileRef = 000000000000000000000001 /* KnittingGaugeReconcilerApp.swift */; };
		000000000000000000000102 /* ContentView.swift in Sources */ = {isa = PBXBuildFile; fileRef = 000000000000000000000002 /* ContentView.swift */; };
		000000000000000000000103 /* GaugeMath.swift in Sources */ = {isa = PBXBuildFile; fileRef = 000000000000000000000003 /* GaugeMath.swift */; };
		000000000000000000000108 /* MetricsSubscriber.swift in Sources */ = {isa = PBXBuildFile; fileRef = 000000000000000000000008 /* MetricsSubscriber.swift */; };
		000000000000000000000109 /* GaugeMathMetrics.swift in Sources */ = {isa = PBXBuildFile; fileRef = 000000000000000000000009 /* GaugeMathMetrics.swift */; };
		000000000000000000000104 /* GaugeMathTests.swift in Sources */ = {isa = PBXBuildFile; fileRef = 000000000000000000000004 /* GaugeMathTests.swift */; };
		000000000000000000000107 /* MetricKitSubscriberTests.swift in Sources */ = {isa = PBXBuildFile; fileRef = 000000000000000000000007 /* MetricKitSubscriberTests.swift */; };
		000000000000000000000137 /* ReplacementCoverageTests.swift in Sources */ = {isa = PBXBuildFile; fileRef = 000000000000000000000037 /* ReplacementCoverageTests.swift */; };
		000000000000000000000106 /* PrivacyInfo.xcprivacy in Resources */ = {isa = PBXBuildFile; fileRef = 000000000000000000000006 /* PrivacyInfo.xcprivacy */; };
		000000000000000000000120 /* HomeHeaderView.swift in Sources */ = {isa = PBXBuildFile; fileRef = 000000000000000000000020 /* HomeHeaderView.swift */; };
		000000000000000000000121 /* GaugeInputsCard.swift in Sources */ = {isa = PBXBuildFile; fileRef = 000000000000000000000021 /* GaugeInputsCard.swift */; };
		000000000000000000000122 /* PatternInstructionsCard.swift in Sources */ = {isa = PBXBuildFile; fileRef = 000000000000000000000022 /* PatternInstructionsCard.swift */; };
		000000000000000000000123 /* RequiredAdjustmentsCard.swift in Sources */ = {isa = PBXBuildFile; fileRef = 000000000000000000000023 /* RequiredAdjustmentsCard.swift */; };
		000000000000000000000124 /* AppTheme.swift in Sources */ = {isa = PBXBuildFile; fileRef = 000000000000000000000024 /* AppTheme.swift */; };
		000000000000000000000125 /* TexturedBackground.swift in Sources */ = {isa = PBXBuildFile; fileRef = 000000000000000000000025 /* TexturedBackground.swift */; };
		000000000000000000000126 /* GaugeStepperField.swift in Sources */ = {isa = PBXBuildFile; fileRef = 000000000000000000000026 /* GaugeStepperField.swift */; };
		000000000000000000000127 /* AdjustmentValuePair.swift in Sources */ = {isa = PBXBuildFile; fileRef = 000000000000000000000027 /* AdjustmentValuePair.swift */; };
		000000000000000000000128 /* StepCircle.swift in Sources */ = {isa = PBXBuildFile; fileRef = 000000000000000000000028 /* StepCircle.swift */; };
		000000000000000000000129 /* GaugeMeasurementPair.swift in Sources */ = {isa = PBXBuildFile; fileRef = 000000000000000000000029 /* GaugeMeasurementPair.swift */; };
		000000000000000000000130 /* GaugeInputGroup.swift in Sources */ = {isa = PBXBuildFile; fileRef = 000000000000000000000030 /* GaugeInputGroup.swift */; };
		000000000000000000000131 /* SectionTitle.swift in Sources */ = {isa = PBXBuildFile; fileRef = 000000000000000000000031 /* SectionTitle.swift */; };
		000000000000000000000132 /* ShareableView.swift in Sources */ = {isa = PBXBuildFile; fileRef = 000000000000000000000032 /* ShareableView.swift */; };
		000000000000000000000133 /* Assets.xcassets in Resources */ = {isa = PBXBuildFile; fileRef = 000000000000000000000033 /* Assets.xcassets */; };
		000000000000000000000134 /* ContentViewHelpers.swift in Sources */ = {isa = PBXBuildFile; fileRef = 000000000000000000000034 /* ContentViewHelpers.swift */; };
		000000000000000000000135 /* AdjustmentRow.swift in Sources */ = {isa = PBXBuildFile; fileRef = 000000000000000000000035 /* AdjustmentRow.swift */; };
		000000000000000000000136 /* MeasurementUnit.swift in Sources */ = {isa = PBXBuildFile; fileRef = 000000000000000000000036 /* MeasurementUnit.swift */; };
/* End PBXBuildFile section */

/* Begin PBXContainerItemProxy section */
		000000000000000000000201 /* PBXContainerItemProxy */ = {
			isa = PBXContainerItemProxy;
			containerPortal = 000000000000000000000301 /* Project object */;
			proxyType = 1;
			remoteGlobalIDString = 000000000000000000000401;
			remoteInfo = KnittingGaugeReconciler;
		};
/* End PBXContainerItemProxy section */

/* Begin PBXFileReference section */
		000000000000000000000001 /* KnittingGaugeReconcilerApp.swift */ = {isa = PBXFileReference; lastKnownFileType = sourcecode.swift; path = KnittingGaugeReconcilerApp.swift; sourceTree = "<group>"; };
		000000000000000000000002 /* ContentView.swift */ = {isa = PBXFileReference; lastKnownFileType = sourcecode.swift; path = ContentView.swift; sourceTree = "<group>"; };
		000000000000000000000003 /* GaugeMath.swift */ = {isa = PBXFileReference; lastKnownFileType = sourcecode.swift; path = GaugeMath.swift; sourceTree = "<group>"; };
		000000000000000000000008 /* MetricsSubscriber.swift */ = {isa = PBXFileReference; lastKnownFileType = sourcecode.swift; path = MetricsSubscriber.swift; sourceTree = "<group>"; };
		000000000000000000000009 /* GaugeMathMetrics.swift */ = {isa = PBXFileReference; lastKnownFileType = sourcecode.swift; path = GaugeMathMetrics.swift; sourceTree = "<group>"; };
		000000000000000000000004 /* GaugeMathTests.swift */ = {isa = PBXFileReference; lastKnownFileType = sourcecode.swift; path = GaugeMathTests.swift; sourceTree = "<group>"; };
		000000000000000000000007 /* MetricKitSubscriberTests.swift */ = {isa = PBXFileReference; lastKnownFileType = sourcecode.swift; path = MetricKitSubscriberTests.swift; sourceTree = "<group>"; };
		000000000000000000000037 /* ReplacementCoverageTests.swift */ = {isa = PBXFileReference; lastKnownFileType = sourcecode.swift; path = ReplacementCoverageTests.swift; sourceTree = "<group>"; };
		000000000000000000000006 /* PrivacyInfo.xcprivacy */ = {isa = PBXFileReference; lastKnownFileType = text.xml.plist; path = PrivacyInfo.xcprivacy; sourceTree = "<group>"; };
		000000000000000000000011 /* KnittingGaugeReconciler.app */ = {isa = PBXFileReference; explicitFileType = wrapper.application; includeInIndex = 0; path = KnittingGaugeReconciler.app; sourceTree = BUILT_PRODUCTS_DIR; };
		000000000000000000000012 /* KnittingGaugeReconcilerTests.xctest */ = {isa = PBXFileReference; explicitFileType = wrapper.cfbundle; includeInIndex = 0; path = KnittingGaugeReconcilerTests.xctest; sourceTree = BUILT_PRODUCTS_DIR; };
		000000000000000000000020 /* HomeHeaderView.swift */ = {isa = PBXFileReference; lastKnownFileType = sourcecode.swift; path = HomeHeaderView.swift; sourceTree = "<group>"; };
		000000000000000000000021 /* GaugeInputsCard.swift */ = {isa = PBXFileReference; lastKnownFileType = sourcecode.swift; path = GaugeInputsCard.swift; sourceTree = "<group>"; };
		000000000000000000000022 /* PatternInstructionsCard.swift */ = {isa = PBXFileReference; lastKnownFileType = sourcecode.swift; path = PatternInstructionsCard.swift; sourceTree = "<group>"; };
		000000000000000000000023 /* RequiredAdjustmentsCard.swift */ = {isa = PBXFileReference; lastKnownFileType = sourcecode.swift; path = RequiredAdjustmentsCard.swift; sourceTree = "<group>"; };
		000000000000000000000024 /* AppTheme.swift */ = {isa = PBXFileReference; lastKnownFileType = sourcecode.swift; path = AppTheme.swift; sourceTree = "<group>"; };
		000000000000000000000025 /* TexturedBackground.swift */ = {isa = PBXFileReference; lastKnownFileType = sourcecode.swift; path = TexturedBackground.swift; sourceTree = "<group>"; };
		000000000000000000000026 /* GaugeStepperField.swift */ = {isa = PBXFileReference; lastKnownFileType = sourcecode.swift; path = GaugeStepperField.swift; sourceTree = "<group>"; };
		000000000000000000000027 /* AdjustmentValuePair.swift */ = {isa = PBXFileReference; lastKnownFileType = sourcecode.swift; path = AdjustmentValuePair.swift; sourceTree = "<group>"; };
		000000000000000000000028 /* StepCircle.swift */ = {isa = PBXFileReference; lastKnownFileType = sourcecode.swift; path = StepCircle.swift; sourceTree = "<group>"; };
		000000000000000000000029 /* GaugeMeasurementPair.swift */ = {isa = PBXFileReference; lastKnownFileType = sourcecode.swift; path = GaugeMeasurementPair.swift; sourceTree = "<group>"; };
		000000000000000000000030 /* GaugeInputGroup.swift */ = {isa = PBXFileReference; lastKnownFileType = sourcecode.swift; path = GaugeInputGroup.swift; sourceTree = "<group>"; };
		000000000000000000000031 /* SectionTitle.swift */ = {isa = PBXFileReference; lastKnownFileType = sourcecode.swift; path = SectionTitle.swift; sourceTree = "<group>"; };
		000000000000000000000032 /* ShareableView.swift */ = {isa = PBXFileReference; lastKnownFileType = sourcecode.swift; path = ShareableView.swift; sourceTree = "<group>"; };
		000000000000000000000033 /* Assets.xcassets */ = {isa = PBXFileReference; lastKnownFileType = folder.assetcatalog; path = Assets.xcassets; sourceTree = "<group>"; };
		000000000000000000000034 /* ContentViewHelpers.swift */ = {isa = PBXFileReference; lastKnownFileType = sourcecode.swift; path = ContentViewHelpers.swift; sourceTree = "<group>"; };
		000000000000000000000035 /* AdjustmentRow.swift */ = {isa = PBXFileReference; lastKnownFileType = sourcecode.swift; path = AdjustmentRow.swift; sourceTree = "<group>"; };
		000000000000000000000036 /* MeasurementUnit.swift */ = {isa = PBXFileReference; lastKnownFileType = sourcecode.swift; path = MeasurementUnit.swift; sourceTree = "<group>"; };
/* End PBXFileReference section */

/* Begin PBXFrameworksBuildPhase section */
		000000000000000000000601 /* Frameworks */ = {isa = PBXFrameworksBuildPhase; buildActionMask = 2147483647; files = (); runOnlyForDeploymentPostprocessing = 0; };
		000000000000000000000602 /* Frameworks */ = {isa = PBXFrameworksBuildPhase; buildActionMask = 2147483647; files = (); runOnlyForDeploymentPostprocessing = 0; };
/* End PBXFrameworksBuildPhase section */

/* Begin PBXGroup section */
		000000000000000000000302 = {
			isa = PBXGroup;
			children = (
				000000000000000000000701 /* KnittingGaugeReconciler */,
				000000000000000000000702 /* KnittingGaugeReconcilerTests */,
				000000000000000000000704 /* Products */,
			);
			sourceTree = "<group>";
		};
		000000000000000000000701 /* KnittingGaugeReconciler */ = {
			isa = PBXGroup;
			children = (
				000000000000000000000001 /* KnittingGaugeReconcilerApp.swift */,
				000000000000000000000002 /* ContentView.swift */,
				000000000000000000000034 /* ContentViewHelpers.swift */,
				000000000000000000000003 /* GaugeMath.swift */,
			000000000000000000000036 /* MeasurementUnit.swift */,
				000000000000000000000008 /* MetricsSubscriber.swift */,
				000000000000000000000009 /* GaugeMathMetrics.swift */,
				000000000000000000000006 /* PrivacyInfo.xcprivacy */,
				000000000000000000000033 /* Assets.xcassets */,
				000000000000000000000710 /* Views */,
				000000000000000000000720 /* Components */,
			);
			path = KnittingGaugeReconciler;
			sourceTree = "<group>";
		};
		000000000000000000000710 /* Views */ = {
			isa = PBXGroup;
			children = (
				000000000000000000000020 /* HomeHeaderView.swift */,
				000000000000000000000021 /* GaugeInputsCard.swift */,
				000000000000000000000022 /* PatternInstructionsCard.swift */,
				000000000000000000000023 /* RequiredAdjustmentsCard.swift */,
				000000000000000000000035 /* AdjustmentRow.swift */,
				000000000000000000000032 /* ShareableView.swift */,
			);
			path = Views;
			sourceTree = "<group>";
		};
		000000000000000000000720 /* Components */ = {
			isa = PBXGroup;
			children = (
				000000000000000000000024 /* AppTheme.swift */,
				000000000000000000000025 /* TexturedBackground.swift */,
				000000000000000000000026 /* GaugeStepperField.swift */,
				000000000000000000000027 /* AdjustmentValuePair.swift */,
				000000000000000000000028 /* StepCircle.swift */,
				000000000000000000000029 /* GaugeMeasurementPair.swift */,
				000000000000000000000030 /* GaugeInputGroup.swift */,
				000000000000000000000031 /* SectionTitle.swift */,
			);
			path = Components;
			sourceTree = "<group>";
		};
		000000000000000000000702 /* KnittingGaugeReconcilerTests */ = {
			isa = PBXGroup;
			children = (
				000000000000000000000004 /* GaugeMathTests.swift */,
				000000000000000000000007 /* MetricKitSubscriberTests.swift */,
				000000000000000000000037 /* ReplacementCoverageTests.swift */,
			);
			path = KnittingGaugeReconcilerTests;
			sourceTree = "<group>";
		};
		000000000000000000000704 /* Products */ = {
			isa = PBXGroup;
			children = (
				000000000000000000000011 /* KnittingGaugeReconciler.app */,
				000000000000000000000012 /* KnittingGaugeReconcilerTests.xctest */,
			);
			name = Products;
			sourceTree = "<group>";
		};
/* End PBXGroup section */

/* Begin PBXNativeTarget section */
		000000000000000000000401 /* KnittingGaugeReconciler */ = {
			isa = PBXNativeTarget;
			buildConfigurationList = 000000000000000000000801 /* Build configuration list for PBXNativeTarget "KnittingGaugeReconciler" */;
			buildPhases = (
				000000000000000000000901 /* Sources */,
				000000000000000000000601 /* Frameworks */,
				000000000000000000000904 /* Resources */,
			);
			buildRules = ();
			dependencies = ();
			name = KnittingGaugeReconciler;
			productName = KnittingGaugeReconciler;
			productReference = 000000000000000000000011 /* KnittingGaugeReconciler.app */;
			productType = "com.apple.product-type.application";
		};
		000000000000000000000402 /* KnittingGaugeReconcilerTests */ = {
			isa = PBXNativeTarget;
			buildConfigurationList = 000000000000000000000802 /* Build configuration list for PBXNativeTarget "KnittingGaugeReconcilerTests" */;
			buildPhases = (
				000000000000000000000902 /* Sources */,
				000000000000000000000602 /* Frameworks */,
				000000000000000000000905 /* Resources */,
			);
			buildRules = ();
			dependencies = (
				000000000000000000000211 /* PBXTargetDependency */,
			);
			name = KnittingGaugeReconcilerTests;
			productName = KnittingGaugeReconcilerTests;
			productReference = 000000000000000000000012 /* KnittingGaugeReconcilerTests.xctest */;
			productType = "com.apple.product-type.bundle.unit-test";
		};
/* End PBXNativeTarget section */

/* Begin PBXProject section */
		000000000000000000000301 /* Project object */ = {
			isa = PBXProject;
			attributes = {
				BuildIndependentTargetsInParallel = 1;
				LastSwiftUpdateCheck = 2640;
				LastUpgradeCheck = 2640;
				TargetAttributes = {
					000000000000000000000401 = {CreatedOnToolsVersion = 26.4; };
					000000000000000000000402 = {CreatedOnToolsVersion = 26.4; TestTargetID = 000000000000000000000401; };
				};
			};
			buildConfigurationList = 000000000000000000000804 /* Build configuration list for PBXProject "KnittingGaugeReconciler" */;
			developmentRegion = en;
			hasScannedForEncodings = 0;
			knownRegions = (en, Base);
			mainGroup = 000000000000000000000302;
			minimizedProjectReferenceProxies = 1;
			preferredProjectObjectVersion = 77;
			productRefGroup = 000000000000000000000704 /* Products */;
			projectDirPath = "";
			projectRoot = "";
			targets = (
				000000000000000000000401 /* KnittingGaugeReconciler */,
				000000000000000000000402 /* KnittingGaugeReconcilerTests */,
			);
		};
/* End PBXProject section */

/* Begin PBXResourcesBuildPhase section */
		000000000000000000000904 /* Resources */ = {isa = PBXResourcesBuildPhase; buildActionMask = 2147483647; files = (000000000000000000000106 /* PrivacyInfo.xcprivacy in Resources */, 000000000000000000000133 /* Assets.xcassets in Resources */,); runOnlyForDeploymentPostprocessing = 0; };
		000000000000000000000905 /* Resources */ = {isa = PBXResourcesBuildPhase; buildActionMask = 2147483647; files = (); runOnlyForDeploymentPostprocessing = 0; };
/* End PBXResourcesBuildPhase section */

/* Begin PBXSourcesBuildPhase section */
		000000000000000000000901 /* Sources */ = {isa = PBXSourcesBuildPhase; buildActionMask = 2147483647; files = (000000000000000000000101, 000000000000000000000102, 000000000000000000000103, 000000000000000000000108, 000000000000000000000109, 000000000000000000000120, 000000000000000000000121, 000000000000000000000122, 000000000000000000000123, 000000000000000000000124, 000000000000000000000125, 000000000000000000000126, 000000000000000000000127, 000000000000000000000128, 000000000000000000000129, 000000000000000000000130, 000000000000000000000131, 000000000000000000000132, 000000000000000000000134, 000000000000000000000135, 000000000000000000000136); runOnlyForDeploymentPostprocessing = 0; };
		000000000000000000000902 /* Sources */ = {isa = PBXSourcesBuildPhase; buildActionMask = 2147483647; files = (000000000000000000000104, 000000000000000000000107, 000000000000000000000137); runOnlyForDeploymentPostprocessing = 0; };
/* End PBXSourcesBuildPhase section */

/* Begin PBXTargetDependency section */
		000000000000000000000211 /* PBXTargetDependency */ = {isa = PBXTargetDependency; target = 000000000000000000000401 /* KnittingGaugeReconciler */; targetProxy = 000000000000000000000201 /* PBXContainerItemProxy */; };
/* End PBXTargetDependency section */

/* Begin XCBuildConfiguration section */
		000000000000000000001001 /* Debug */ = {
			isa = XCBuildConfiguration;
			buildSettings = {
				ASSETCATALOG_COMPILER_GENERATE_SWIFT_ASSET_SYMBOL_EXTENSIONS = YES;
				CLANG_ANALYZER_NONNULL = YES;
				CLANG_ANALYZER_NUMBER_OBJECT_CONVERSION = YES_AGGRESSIVE;
				CLANG_ENABLE_MODULES = YES;
				CLANG_ENABLE_OBJC_ARC = YES;
				CLANG_TREAT_WARNINGS_AS_ERRORS = YES;
				COPY_PHASE_STRIP = NO;
				DEBUG_INFORMATION_FORMAT = dwarf;
				ENABLE_STRICT_OBJC_MSGSEND = YES;
				ENABLE_TESTABILITY = YES;
				GCC_NO_COMMON_BLOCKS = YES;
				GCC_TREAT_WARNINGS_AS_ERRORS = YES;
				GCC_WARN_64_TO_32_BIT_CONVERSION = YES;
				GCC_WARN_ABOUT_RETURN_TYPE = YES_ERROR;
				GCC_WARN_UNDECLARED_SELECTOR = YES;
				GCC_WARN_UNINITIALIZED_AUTOS = YES_AGGRESSIVE;
				GCC_WARN_UNUSED_FUNCTION = YES;
				GCC_WARN_UNUSED_VARIABLE = YES;
				IPHONEOS_DEPLOYMENT_TARGET = 17.0;
				OTHER_LDFLAGS = "$(inherited) -framework AppIntents";
				SDKROOT = iphoneos;
				SWIFT_ACTIVE_COMPILATION_CONDITIONS = DEBUG;
				SWIFT_OPTIMIZATION_LEVEL = "-Onone";
				SWIFT_VERSION = 6.0;
			};
			name = Debug;
		};
		000000000000000000001002 /* Release */ = {
			isa = XCBuildConfiguration;
			buildSettings = {
				ASSETCATALOG_COMPILER_GENERATE_SWIFT_ASSET_SYMBOL_EXTENSIONS = YES;
				CLANG_ANALYZER_NONNULL = YES;
				CLANG_ANALYZER_NUMBER_OBJECT_CONVERSION = YES_AGGRESSIVE;
				CLANG_ENABLE_MODULES = YES;
				CLANG_ENABLE_OBJC_ARC = YES;
				CLANG_TREAT_WARNINGS_AS_ERRORS = YES;
				COPY_PHASE_STRIP = NO;
				DEBUG_INFORMATION_FORMAT = "dwarf-with-dsym";
				ENABLE_NS_ASSERTIONS = NO;
				ENABLE_STRICT_OBJC_MSGSEND = YES;
				GCC_NO_COMMON_BLOCKS = YES;
				GCC_TREAT_WARNINGS_AS_ERRORS = YES;
				GCC_WARN_64_TO_32_BIT_CONVERSION = YES;
				GCC_WARN_ABOUT_RETURN_TYPE = YES_ERROR;
				GCC_WARN_UNDECLARED_SELECTOR = YES;
				GCC_WARN_UNINITIALIZED_AUTOS = YES_AGGRESSIVE;
				GCC_WARN_UNUSED_FUNCTION = YES;
				GCC_WARN_UNUSED_VARIABLE = YES;
				IPHONEOS_DEPLOYMENT_TARGET = 17.0;
				OTHER_LDFLAGS = "$(inherited) -framework AppIntents";
				SDKROOT = iphoneos;
				SWIFT_COMPILATION_MODE = wholemodule;
				SWIFT_OPTIMIZATION_LEVEL = "-O";
				SWIFT_VERSION = 6.0;
				VALIDATE_PRODUCT = YES;
			};
			name = Release;
		};
		000000000000000000001101 /* Debug */ = {
			isa = XCBuildConfiguration;
			buildSettings = {
				ASSETCATALOG_COMPILER_APPICON_NAME = AppIcon;
				CODE_SIGN_STYLE = Automatic;
				DEVELOPMENT_ASSET_PATHS = "";
				DEVELOPMENT_TEAM = "";
				ENABLE_DEBUG_DYLIB = YES;
				ENABLE_PREVIEWS = YES;
				GENERATE_INFOPLIST_FILE = YES;
				INFOPLIST_KEY_CFBundleDisplayName = Stitchwise;
				INFOPLIST_KEY_LSApplicationCategoryType = "public.app-category.lifestyle";
				INFOPLIST_KEY_ITSAppUsesNonExemptEncryption = NO;
				INFOPLIST_KEY_UILaunchScreen_Generation = YES;
				INFOPLIST_KEY_UIRequiresFullScreen = YES;
				INFOPLIST_KEY_UISupportedInterfaceOrientations_iPad = "UIInterfaceOrientationPortrait UIInterfaceOrientationPortraitUpsideDown UIInterfaceOrientationLandscapeLeft UIInterfaceOrientationLandscapeRight";
				INFOPLIST_KEY_UISupportedInterfaceOrientations_iPhone = "UIInterfaceOrientationPortrait UIInterfaceOrientationPortraitUpsideDown";
				LD_RUNPATH_SEARCH_PATHS = "$(inherited) @executable_path/Frameworks";
				MARKETING_VERSION = 1.0;
				CURRENT_PROJECT_VERSION = 1;
				VERSIONING_SYSTEM = "apple-generic";
				PRODUCT_BUNDLE_IDENTIFIER = com.yashasg.knitting-guage-reconciler;
				PRODUCT_NAME = "$(TARGET_NAME)";
				SWIFT_EMIT_LOC_STRINGS = YES;
				SWIFT_TREAT_WARNINGS_AS_ERRORS = YES;
				TARGETED_DEVICE_FAMILY = "1,2";
			};
			name = Debug;
		};
		000000000000000000001102 /* Release */ = {
			isa = XCBuildConfiguration;
			buildSettings = {
				ASSETCATALOG_COMPILER_APPICON_NAME = AppIcon;
				CODE_SIGN_STYLE = Automatic;
				DEVELOPMENT_ASSET_PATHS = "";
				DEVELOPMENT_TEAM = "";
				"ENABLE_DEBUG_DYLIB[sdk=iphonesimulator*]" = YES;
				ENABLE_PREVIEWS = YES;
				GENERATE_INFOPLIST_FILE = YES;
				INFOPLIST_KEY_CFBundleDisplayName = Stitchwise;
				INFOPLIST_KEY_LSApplicationCategoryType = "public.app-category.lifestyle";
				INFOPLIST_KEY_ITSAppUsesNonExemptEncryption = NO;
				INFOPLIST_KEY_UILaunchScreen_Generation = YES;
				INFOPLIST_KEY_UIRequiresFullScreen = YES;
				INFOPLIST_KEY_UISupportedInterfaceOrientations_iPad = "UIInterfaceOrientationPortrait UIInterfaceOrientationPortraitUpsideDown UIInterfaceOrientationLandscapeLeft UIInterfaceOrientationLandscapeRight";
				INFOPLIST_KEY_UISupportedInterfaceOrientations_iPhone = "UIInterfaceOrientationPortrait UIInterfaceOrientationPortraitUpsideDown";
				LD_RUNPATH_SEARCH_PATHS = "$(inherited) @executable_path/Frameworks";
				MARKETING_VERSION = 1.0;
				CURRENT_PROJECT_VERSION = 1;
				VERSIONING_SYSTEM = "apple-generic";
				PRODUCT_BUNDLE_IDENTIFIER = com.yashasg.knitting-guage-reconciler;
				PRODUCT_NAME = "$(TARGET_NAME)";
				SWIFT_EMIT_LOC_STRINGS = YES;
				"SWIFT_OPTIMIZATION_LEVEL[sdk=iphonesimulator*]" = "-Onone";
				SWIFT_TREAT_WARNINGS_AS_ERRORS = YES;
				TARGETED_DEVICE_FAMILY = "1,2";
			};
			name = Release;
		};
		000000000000000000001201 /* Debug */ = {
			isa = XCBuildConfiguration;
			buildSettings = {
				CODE_SIGN_STYLE = Automatic;
				DEVELOPMENT_TEAM = "";
				GENERATE_INFOPLIST_FILE = YES;
				IPHONEOS_DEPLOYMENT_TARGET = 17.0;
				LD_RUNPATH_SEARCH_PATHS = "$(inherited) @executable_path/Frameworks @loader_path/Frameworks @loader_path/../KnittingGaugeReconciler.app";
				OTHER_LDFLAGS = "$(inherited) $(BUILT_PRODUCTS_DIR)/KnittingGaugeReconciler.app/KnittingGaugeReconciler.debug.dylib";
				PRODUCT_BUNDLE_IDENTIFIER = com.yashasg.knitting-guage-reconcilerTests;
				PRODUCT_NAME = "$(TARGET_NAME)";
				SWIFT_TREAT_WARNINGS_AS_ERRORS = YES;
				TARGETED_DEVICE_FAMILY = "1,2";
			};
			name = Debug;
		};
		000000000000000000001202 /* Release */ = {
			isa = XCBuildConfiguration;
			buildSettings = {
				BUNDLE_LOADER = "$(TEST_HOST)";
				"BUNDLE_LOADER[sdk=iphonesimulator*]" = "";
				CODE_SIGN_STYLE = Automatic;
				DEVELOPMENT_TEAM = "";
				GENERATE_INFOPLIST_FILE = YES;
				IPHONEOS_DEPLOYMENT_TARGET = 17.0;
				LD_RUNPATH_SEARCH_PATHS = "$(inherited) @executable_path/Frameworks @loader_path/Frameworks";
				"LD_RUNPATH_SEARCH_PATHS[sdk=iphonesimulator*]" = "$(inherited) @executable_path/Frameworks @loader_path/Frameworks @loader_path/../KnittingGaugeReconciler.app";
				"OTHER_LDFLAGS[sdk=iphonesimulator*]" = "$(inherited) $(BUILT_PRODUCTS_DIR)/KnittingGaugeReconciler.app/KnittingGaugeReconciler.debug.dylib";
				PRODUCT_BUNDLE_IDENTIFIER = com.yashasg.knitting-guage-reconcilerTests;
				PRODUCT_NAME = "$(TARGET_NAME)";
				SWIFT_TREAT_WARNINGS_AS_ERRORS = YES;
				TARGETED_DEVICE_FAMILY = "1,2";
				TEST_HOST = "$(BUILT_PRODUCTS_DIR)/KnittingGaugeReconciler.app/$(BUNDLE_EXECUTABLE_FOLDER_PATH)/KnittingGaugeReconciler";
				"TEST_HOST[sdk=iphonesimulator*]" = "";
			};
			name = Release;
		};
/* End XCBuildConfiguration section */

/* Begin XCConfigurationList section */
		000000000000000000000801 /* Build configuration list for PBXNativeTarget "KnittingGaugeReconciler" */ = {isa = XCConfigurationList; buildConfigurations = (000000000000000000001101, 000000000000000000001102); defaultConfigurationIsVisible = 0; defaultConfigurationName = Release; };
		000000000000000000000802 /* Build configuration list for PBXNativeTarget "KnittingGaugeReconcilerTests" */ = {isa = XCConfigurationList; buildConfigurations = (000000000000000000001201, 000000000000000000001202); defaultConfigurationIsVisible = 0; defaultConfigurationName = Release; };
		000000000000000000000804 /* Build configuration list for PBXProject "KnittingGaugeReconciler" */ = {isa = XCConfigurationList; buildConfigurations = (000000000000000000001001, 000000000000000000001002); defaultConfigurationIsVisible = 0; defaultConfigurationName = Release; };
/* End XCConfigurationList section */
	};
	rootObject = 000000000000000000000301 /* Project object */;
}
